// !$*UTF8*$!
{
	archiveVersion = 1;
	classes = {
	};
	objectVersion = 56;
	objects = {

/* Begin PBXBuildFile section */
		F12F9A6129538E3500F82BC5 /* AppDelegate.swift in Sources */ = {isa = PBXBuildFile; fileRef = F12F9A6029538E3500F82BC5 /* AppDelegate.swift */; };
		F12F9A6329538E3500F82BC5 /* SceneDelegate.swift in Sources */ = {isa = PBXBuildFile; fileRef = F12F9A6229538E3500F82BC5 /* SceneDelegate.swift */; };
		F12F9A6529538E3500F82BC5 /* NotesViewController.swift in Sources */ = {isa = PBXBuildFile; fileRef = F12F9A6429538E3500F82BC5 /* NotesViewController.swift */; };
		F12F9A6A29538E3800F82BC5 /* Assets.xcassets in Resources */ = {isa = PBXBuildFile; fileRef = F12F9A6929538E3800F82BC5 /* Assets.xcassets */; };
		F12F9A6D29538E3800F82BC5 /* LaunchScreen.storyboard in Resources */ = {isa = PBXBuildFile; fileRef = F12F9A6B29538E3800F82BC5 /* LaunchScreen.storyboard */; };
		F197437E2954CF2500B1DCCF /* NotesTableViewCell.swift in Sources */ = {isa = PBXBuildFile; fileRef = F197437D2954CF2500B1DCCF /* NotesTableViewCell.swift */; };
		F198B61B2957446B00435F0B /* Note.swift in Sources */ = {isa = PBXBuildFile; fileRef = F198B61A2957446B00435F0B /* Note.swift */; };
		F198B61D2957462A00435F0B /* Date + Extension.swift in Sources */ = {isa = PBXBuildFile; fileRef = F198B61C2957462A00435F0B /* Date + Extension.swift */; };
		F198B62629574FC000435F0B /* TabBarViewNotesVC.swift in Sources */ = {isa = PBXBuildFile; fileRef = F198B62529574FC000435F0B /* TabBarViewNotesVC.swift */; };
		F198B6282957691000435F0B /* EditNoteViewController.swift in Sources */ = {isa = PBXBuildFile; fileRef = F198B6272957691000435F0B /* EditNoteViewController.swift */; };
/* End PBXBuildFile section */

/* Begin PBXFileReference section */
		F12F9A5D29538E3500F82BC5 /* Notes.app */ = {isa = PBXFileReference; explicitFileType = wrapper.application; includeInIndex = 0; path = Notes.app; sourceTree = BUILT_PRODUCTS_DIR; };
		F12F9A6029538E3500F82BC5 /* AppDelegate.swift */ = {isa = PBXFileReference; lastKnownFileType = sourcecode.swift; path = AppDelegate.swift; sourceTree = "<group>"; };
		F12F9A6229538E3500F82BC5 /* SceneDelegate.swift */ = {isa = PBXFileReference; lastKnownFileType = sourcecode.swift; path = SceneDelegate.swift; sourceTree = "<group>"; };
		F12F9A6429538E3500F82BC5 /* NotesViewController.swift */ = {isa = PBXFileReference; lastKnownFileType = sourcecode.swift; path = NotesViewController.swift; sourceTree = "<group>"; };
		F12F9A6929538E3800F82BC5 /* Assets.xcassets */ = {isa = PBXFileReference; lastKnownFileType = folder.assetcatalog; path = Assets.xcassets; sourceTree = "<group>"; };
		F12F9A6C29538E3800F82BC5 /* Base */ = {isa = PBXFileReference; lastKnownFileType = file.storyboard; name = Base; path = Base.lproj/LaunchScreen.storyboard; sourceTree = "<group>"; };
		F12F9A6E29538E3800F82BC5 /* Info.plist */ = {isa = PBXFileReference; lastKnownFileType = text.plist.xml; path = Info.plist; sourceTree = "<group>"; };
		F197437D2954CF2500B1DCCF /* NotesTableViewCell.swift */ = {isa = PBXFileReference; lastKnownFileType = sourcecode.swift; path = NotesTableViewCell.swift; sourceTree = "<group>"; };
		F198B61A2957446B00435F0B /* Note.swift */ = {isa = PBXFileReference; lastKnownFileType = sourcecode.swift; path = Note.swift; sourceTree = "<group>"; };
		F198B61C2957462A00435F0B /* Date + Extension.swift */ = {isa = PBXFileReference; lastKnownFileType = sourcecode.swift; path = "Date + Extension.swift"; sourceTree = "<group>"; };
		F198B62529574FC000435F0B /* TabBarViewNotesVC.swift */ = {isa = PBXFileReference; lastKnownFileType = sourcecode.swift; path = TabBarViewNotesVC.swift; sourceTree = "<group>"; };
		F198B6272957691000435F0B /* EditNoteViewController.swift */ = {isa = PBXFileReference; lastKnownFileType = sourcecode.swift; path = EditNoteViewController.swift; sourceTree = "<group>"; };
/* End PBXFileReference section */

/* Begin PBXFrameworksBuildPhase section */
		F12F9A5A29538E3500F82BC5 /* Frameworks */ = {
			isa = PBXFrameworksBuildPhase;
			buildActionMask = 2147483647;
			files = (
			);
			runOnlyForDeploymentPostprocessing = 0;
		};
/* End PBXFrameworksBuildPhase section */

/* Begin PBXGroup section */
		F12F9A5429538E3500F82BC5 = {
			isa = PBXGroup;
			children = (
				F12F9A5F29538E3500F82BC5 /* Notes */,
				F12F9A5E29538E3500F82BC5 /* Products */,
			);
			sourceTree = "<group>";
		};
		F12F9A5E29538E3500F82BC5 /* Products */ = {
			isa = PBXGroup;
			children = (
				F12F9A5D29538E3500F82BC5 /* Notes.app */,
			);
			name = Products;
			sourceTree = "<group>";
		};
		F12F9A5F29538E3500F82BC5 /* Notes */ = {
			isa = PBXGroup;
			children = (
				F198B61E29574EBD00435F0B /* Application */,
				F198B62029574EF800435F0B /* Models */,
				F198B62129574F1100435F0B /* Views */,
				F198B62229574F1900435F0B /* Controllers */,
				F198B62329574F2300435F0B /* Extensions */,
				F198B61F29574EE400435F0B /* Resources */,
			);
			path = Notes;
			sourceTree = "<group>";
		};
		F198B61E29574EBD00435F0B /* Application */ = {
			isa = PBXGroup;
			children = (
				F12F9A6029538E3500F82BC5 /* AppDelegate.swift */,
				F12F9A6229538E3500F82BC5 /* SceneDelegate.swift */,
			);
			path = Application;
			sourceTree = "<group>";
		};
		F198B61F29574EE400435F0B /* Resources */ = {
			isa = PBXGroup;
			children = (
				F12F9A6929538E3800F82BC5 /* Assets.xcassets */,
				F12F9A6B29538E3800F82BC5 /* LaunchScreen.storyboard */,
				F12F9A6E29538E3800F82BC5 /* Info.plist */,
			);
			path = Resources;
			sourceTree = "<group>";
		};
		F198B62029574EF800435F0B /* Models */ = {
			isa = PBXGroup;
			children = (
				F198B61A2957446B00435F0B /* Note.swift */,
			);
			path = Models;
			sourceTree = "<group>";
		};
		F198B62129574F1100435F0B /* Views */ = {
			isa = PBXGroup;
			children = (
				F198B62429574F5A00435F0B /* NotesViewController */,
			);
			path = Views;
			sourceTree = "<group>";
		};
		F198B62229574F1900435F0B /* Controllers */ = {
			isa = PBXGroup;
			children = (
				F12F9A6429538E3500F82BC5 /* NotesViewController.swift */,
				F198B6272957691000435F0B /* EditNoteViewController.swift */,
			);
			path = Controllers;
			sourceTree = "<group>";
		};
		F198B62329574F2300435F0B /* Extensions */ = {
			isa = PBXGroup;
			children = (
				F198B61C2957462A00435F0B /* Date + Extension.swift */,
			);
			path = Extensions;
			sourceTree = "<group>";
		};
		F198B62429574F5A00435F0B /* NotesViewController */ = {
			isa = PBXGroup;
			children = (
				F197437D2954CF2500B1DCCF /* NotesTableViewCell.swift */,
				F198B62529574FC000435F0B /* TabBarViewNotesVC.swift */,
			);
			path = NotesViewController;
			sourceTree = "<group>";
		};
/* End PBXGroup section */

/* Begin PBXNativeTarget section */
		F12F9A5C29538E3500F82BC5 /* Notes */ = {
			isa = PBXNativeTarget;
			buildConfigurationList = F12F9A7129538E3800F82BC5 /* Build configuration list for PBXNativeTarget "Notes" */;
			buildPhases = (
				F12F9A5929538E3500F82BC5 /* Sources */,
				F12F9A5A29538E3500F82BC5 /* Frameworks */,
				F12F9A5B29538E3500F82BC5 /* Resources */,
			);
			buildRules = (
			);
			dependencies = (
			);
			name = Notes;
			productName = Notes;
			productReference = F12F9A5D29538E3500F82BC5 /* Notes.app */;
			productType = "com.apple.product-type.application";
		};
/* End PBXNativeTarget section */

/* Begin PBXProject section */
		F12F9A5529538E3500F82BC5 /* Project object */ = {
			isa = PBXProject;
			attributes = {
				BuildIndependentTargetsInParallel = 1;
				LastSwiftUpdateCheck = 1400;
				LastUpgradeCheck = 1400;
				TargetAttributes = {
					F12F9A5C29538E3500F82BC5 = {
						CreatedOnToolsVersion = 14.0.1;
					};
				};
			};
			buildConfigurationList = F12F9A5829538E3500F82BC5 /* Build configuration list for PBXProject "Notes" */;
			compatibilityVersion = "Xcode 14.0";
			developmentRegion = en;
			hasScannedForEncodings = 0;
			knownRegions = (
				en,
				Base,
			);
			mainGroup = F12F9A5429538E3500F82BC5;
			productRefGroup = F12F9A5E29538E3500F82BC5 /* Products */;
			projectDirPath = "";
			projectRoot = "";
			targets = (
				F12F9A5C29538E3500F82BC5 /* Notes */,
			);
		};
/* End PBXProject section */

/* Begin PBXResourcesBuildPhase section */
		F12F9A5B29538E3500F82BC5 /* Resources */ = {
			isa = PBXResourcesBuildPhase;
			buildActionMask = 2147483647;
			files = (
				F12F9A6D29538E3800F82BC5 /* LaunchScreen.storyboard in Resources */,
				F12F9A6A29538E3800F82BC5 /* Assets.xcassets in Resources */,
			);
			runOnlyForDeploymentPostprocessing = 0;
		};
/* End PBXResourcesBuildPhase section */

/* Begin PBXSourcesBuildPhase section */
		F12F9A5929538E3500F82BC5 /* Sources */ = {
			isa = PBXSourcesBuildPhase;
			buildActionMask = 2147483647;
			files = (
				F197437E2954CF2500B1DCCF /* NotesTableViewCell.swift in Sources */,
				F12F9A6529538E3500F82BC5 /* NotesViewController.swift in Sources */,
				F198B62629574FC000435F0B /* TabBarViewNotesVC.swift in Sources */,
				F198B6282957691000435F0B /* EditNoteViewController.swift in Sources */,
				F12F9A6129538E3500F82BC5 /* AppDelegate.swift in Sources */,
				F12F9A6329538E3500F82BC5 /* SceneDelegate.swift in Sources */,
				F198B61B2957446B00435F0B /* Note.swift in Sources */,
				F198B61D2957462A00435F0B /* Date + Extension.swift in Sources */,
			);
			runOnlyForDeploymentPostprocessing = 0;
		};
/* End PBXSourcesBuildPhase section */

/* Begin PBXVariantGroup section */
		F12F9A6B29538E3800F82BC5 /* LaunchScreen.storyboard */ = {
			isa = PBXVariantGroup;
			children = (
				F12F9A6C29538E3800F82BC5 /* Base */,
			);
			name = LaunchScreen.storyboard;
			sourceTree = "<group>";
		};
/* End PBXVariantGroup section */

/* Begin XCBuildConfiguration section */
		F12F9A6F29538E3800F82BC5 /* Debug */ = {
			isa = XCBuildConfiguration;
			buildSettings = {
				ALWAYS_SEARCH_USER_PATHS = NO;
				CLANG_ANALYZER_NONNULL = YES;
				CLANG_ANALYZER_NUMBER_OBJECT_CONVERSION = YES_AGGRESSIVE;
				CLANG_CXX_LANGUAGE_STANDARD = "gnu++20";
				CLANG_ENABLE_MODULES = YES;
				CLANG_ENABLE_OBJC_ARC = YES;
				CLANG_ENABLE_OBJC_WEAK = YES;
				CLANG_WARN_BLOCK_CAPTURE_AUTORELEASING = YES;
				CLANG_WARN_BOOL_CONVERSION = YES;
				CLANG_WARN_COMMA = YES;
				CLANG_WARN_CONSTANT_CONVERSION = YES;
				CLANG_WARN_DEPRECATED_OBJC_IMPLEMENTATIONS = YES;
				CLANG_WARN_DIRECT_OBJC_ISA_USAGE = YES_ERROR;
				CLANG_WARN_DOCUMENTATION_COMMENTS = YES;
				CLANG_WARN_EMPTY_BODY = YES;
				CLANG_WARN_ENUM_CONVERSION = YES;
				CLANG_WARN_INFINITE_RECURSION = YES;
				CLANG_WARN_INT_CONVERSION = YES;
				CLANG_WARN_NON_LITERAL_NULL_CONVERSION = YES;
				CLANG_WARN_OBJC_IMPLICIT_RETAIN_SELF = YES;
				CLANG_WARN_OBJC_LITERAL_CONVERSION = YES;
				CLANG_WARN_OBJC_ROOT_CLASS = YES_ERROR;
				CLANG_WARN_QUOTED_INCLUDE_IN_FRAMEWORK_HEADER = YES;
				CLANG_WARN_RANGE_LOOP_ANALYSIS = YES;
				CLANG_WARN_STRICT_PROTOTYPES = YES;
				CLANG_WARN_SUSPICIOUS_MOVE = YES;
				CLANG_WARN_UNGUARDED_AVAILABILITY = YES_AGGRESSIVE;
				CLANG_WARN_UNREACHABLE_CODE = YES;
				CLANG_WARN__DUPLICATE_METHOD_MATCH = YES;
				COPY_PHASE_STRIP = NO;
				DEBUG_INFORMATION_FORMAT = dwarf;
				ENABLE_STRICT_OBJC_MSGSEND = YES;
				ENABLE_TESTABILITY = YES;
				GCC_C_LANGUAGE_STANDARD = gnu11;
				GCC_DYNAMIC_NO_PIC = NO;
				GCC_NO_COMMON_BLOCKS = YES;
				GCC_OPTIMIZATION_LEVEL = 0;
				GCC_PREPROCESSOR_DEFINITIONS = (
					"DEBUG=1",
					"$(inherited)",
				);
				GCC_WARN_64_TO_32_BIT_CONVERSION = YES;
				GCC_WARN_ABOUT_RETURN_TYPE = YES_ERROR;
				GCC_WARN_UNDECLARED_SELECTOR = YES;
				GCC_WARN_UNINITIALIZED_AUTOS = YES_AGGRESSIVE;
				GCC_WARN_UNUSED_FUNCTION = YES;
				GCC_WARN_UNUSED_VARIABLE = YES;
				IPHONEOS_DEPLOYMENT_TARGET = 16.0;
				MTL_ENABLE_DEBUG_INFO = INCLUDE_SOURCE;
				MTL_FAST_MATH = YES;
				ONLY_ACTIVE_ARCH = YES;
				SDKROOT = iphoneos;
				SWIFT_ACTIVE_COMPILATION_CONDITIONS = DEBUG;
				SWIFT_OPTIMIZATION_LEVEL = "-Onone";
			};
			name = Debug;
		};
		F12F9A7029538E3800F82BC5 /* Release */ = {
			isa = XCBuildConfiguration;
			buildSettings = {
				ALWAYS_SEARCH_USER_PATHS = NO;
				CLANG_ANALYZER_NONNULL = YES;
				CLANG_ANALYZER_NUMBER_OBJECT_CONVERSION = YES_AGGRESSIVE;
				CLANG_CXX_LANGUAGE_STANDARD = "gnu++20";
				CLANG_ENABLE_MODULES = YES;
				CLANG_ENABLE_OBJC_ARC = YES;
				CLANG_ENABLE_OBJC_WEAK = YES;
				CLANG_WARN_BLOCK_CAPTURE_AUTORELEASING = YES;
				CLANG_WARN_BOOL_CONVERSION = YES;
				CLANG_WARN_COMMA = YES;
				CLANG_WARN_CONSTANT_CONVERSION = YES;
				CLANG_WARN_DEPRECATED_OBJC_IMPLEMENTATIONS = YES;
				CLANG_WARN_DIRECT_OBJC_ISA_USAGE = YES_ERROR;
				CLANG_WARN_DOCUMENTATION_COMMENTS = YES;
				CLANG_WARN_EMPTY_BODY = YES;
				CLANG_WARN_ENUM_CONVERSION = YES;
				CLANG_WARN_INFINITE_RECURSION = YES;
				CLANG_WARN_INT_CONVERSION = YES;
				CLANG_WARN_NON_LITERAL_NULL_CONVERSION = YES;
				CLANG_WARN_OBJC_IMPLICIT_RETAIN_SELF = YES;
				CLANG_WARN_OBJC_LITERAL_CONVERSION = YES;
				CLANG_WARN_OBJC_ROOT_CLASS = YES_ERROR;
				CLANG_WARN_QUOTED_INCLUDE_IN_FRAMEWORK_HEADER = YES;
				CLANG_WARN_RANGE_LOOP_ANALYSIS = YES;
				CLANG_WARN_STRICT_PROTOTYPES = YES;
				CLANG_WARN_SUSPICIOUS_MOVE = YES;
				CLANG_WARN_UNGUARDED_AVAILABILITY = YES_AGGRESSIVE;
				CLANG_WARN_UNREACHABLE_CODE = YES;
				CLANG_WARN__DUPLICATE_METHOD_MATCH = YES;
				COPY_PHASE_STRIP = NO;
				DEBUG_INFORMATION_FORMAT = "dwarf-with-dsym";
				ENABLE_NS_ASSERTIONS = NO;
				ENABLE_STRICT_OBJC_MSGSEND = YES;
				GCC_C_LANGUAGE_STANDARD = gnu11;
				GCC_NO_COMMON_BLOCKS = YES;
				GCC_WARN_64_TO_32_BIT_CONVERSION = YES;
				GCC_WARN_ABOUT_RETURN_TYPE = YES_ERROR;
				GCC_WARN_UNDECLARED_SELECTOR = YES;
				GCC_WARN_UNINITIALIZED_AUTOS = YES_AGGRESSIVE;
				GCC_WARN_UNUSED_FUNCTION = YES;
				GCC_WARN_UNUSED_VARIABLE = YES;
				IPHONEOS_DEPLOYMENT_TARGET = 16.0;
				MTL_ENABLE_DEBUG_INFO = NO;
				MTL_FAST_MATH = YES;
				SDKROOT = iphoneos;
				SWIFT_COMPILATION_MODE = wholemodule;
				SWIFT_OPTIMIZATION_LEVEL = "-O";
				VALIDATE_PRODUCT = YES;
			};
			name = Release;
		};
		F12F9A7229538E3800F82BC5 /* Debug */ = {
			isa = XCBuildConfiguration;
			buildSettings = {
				ASSETCATALOG_COMPILER_APPICON_NAME = AppIcon;
				ASSETCATALOG_COMPILER_GLOBAL_ACCENT_COLOR_NAME = AccentColor;
				CODE_SIGN_STYLE = Automatic;
				CURRENT_PROJECT_VERSION = 1;
				DEVELOPMENT_TEAM = 8GPVB9MQ58;
				GENERATE_INFOPLIST_FILE = YES;
				INFOPLIST_FILE = Notes/Resources/Info.plist;
				INFOPLIST_KEY_UIApplicationSupportsIndirectInputEvents = YES;
				INFOPLIST_KEY_UILaunchStoryboardName = LaunchScreen;
				INFOPLIST_KEY_UISupportedInterfaceOrientations_iPad = "UIInterfaceOrientationPortrait UIInterfaceOrientationPortraitUpsideDown UIInterfaceOrientationLandscapeLeft UIInterfaceOrientationLandscapeRight";
				INFOPLIST_KEY_UISupportedInterfaceOrientations_iPhone = "UIInterfaceOrientationPortrait UIInterfaceOrientationLandscapeLeft UIInterfaceOrientationLandscapeRight";
				IPHONEOS_DEPLOYMENT_TARGET = 13.0;
				LD_RUNPATH_SEARCH_PATHS = (
					"$(inherited)",
					"@executable_path/Frameworks",
				);
				MARKETING_VERSION = 1.0;
				PRODUCT_BUNDLE_IDENTIFIER = dyadichev.Notes;
				PRODUCT_NAME = "$(TARGET_NAME)";
				SUPPORTED_PLATFORMS = "iphoneos iphonesimulator";
				SUPPORTS_MACCATALYST = NO;
				SUPPORTS_MAC_DESIGNED_FOR_IPHONE_IPAD = NO;
				SWIFT_EMIT_LOC_STRINGS = YES;
				SWIFT_VERSION = 5.0;
				TARGETED_DEVICE_FAMILY = 1;
			};
			name = Debug;
		};
		F12F9A7329538E3800F82BC5 /* Release */ = {
			isa = XCBuildConfiguration;
			buildSettings = {
				ASSETCATALOG_COMPILER_APPICON_NAME = AppIcon;
				ASSETCATALOG_COMPILER_GLOBAL_ACCENT_COLOR_NAME = AccentColor;
				CODE_SIGN_STYLE = Automatic;
				CURRENT_PROJECT_VERSION = 1;
				DEVELOPMENT_TEAM = 8GPVB9MQ58;
				GENERATE_INFOPLIST_FILE = YES;
				INFOPLIST_FILE = Notes/Resources/Info.plist;
				INFOPLIST_KEY_UIApplicationSupportsIndirectInputEvents = YES;
				INFOPLIST_KEY_UILaunchStoryboardName = LaunchScreen;
				INFOPLIST_KEY_UISupportedInterfaceOrientations_iPad = "UIInterfaceOrientationPortrait UIInterfaceOrientationPortraitUpsideDown UIInterfaceOrientationLandscapeLeft UIInterfaceOrientationLandscapeRight";
				INFOPLIST_KEY_UISupportedInterfaceOrientations_iPhone = "UIInterfaceOrientationPortrait UIInterfaceOrientationLandscapeLeft UIInterfaceOrientationLandscapeRight";
				IPHONEOS_DEPLOYMENT_TARGET = 13.0;
				LD_RUNPATH_SEARCH_PATHS = (
					"$(inherited)",
					"@executable_path/Frameworks",
				);
				MARKETING_VERSION = 1.0;
				PRODUCT_BUNDLE_IDENTIFIER = dyadichev.Notes;
				PRODUCT_NAME = "$(TARGET_NAME)";
				SUPPORTED_PLATFORMS = "iphoneos iphonesimulator";
				SUPPORTS_MACCATALYST = NO;
				SUPPORTS_MAC_DESIGNED_FOR_IPHONE_IPAD = NO;
				SWIFT_EMIT_LOC_STRINGS = YES;
				SWIFT_VERSION = 5.0;
				TARGETED_DEVICE_FAMILY = 1;
			};
			name = Release;
		};
/* End XCBuildConfiguration section */

/* Begin XCConfigurationList section */
		F12F9A5829538E3500F82BC5 /* Build configuration list for PBXProject "Notes" */ = {
			isa = XCConfigurationList;
			buildConfigurations = (
				F12F9A6F29538E3800F82BC5 /* Debug */,
				F12F9A7029538E3800F82BC5 /* Release */,
			);
			defaultConfigurationIsVisible = 0;
			defaultConfigurationName = Release;
		};
		F12F9A7129538E3800F82BC5 /* Build configuration list for PBXNativeTarget "Notes" */ = {
			isa = XCConfigurationList;
			buildConfigurations = (
				F12F9A7229538E3800F82BC5 /* Debug */,
				F12F9A7329538E3800F82BC5 /* Release */,
			);
			defaultConfigurationIsVisible = 0;
			defaultConfigurationName = Release;
		};
/* End XCConfigurationList section */
	};
	rootObject = F12F9A5529538E3500F82BC5 /* Project object */;
}
